// !$*UTF8*$!
{
	archiveVersion = 1;
	classes = {
	};
	objectVersion = 46;
	objects = {

/* Begin PBXBuildFile section */
		31B8CBB81B62134E006A43A2 /* logo_transparent.png in Resources */ = {isa = PBXBuildFile; fileRef = 31B8CBB71B62134E006A43A2 /* logo_transparent.png */; };
		31C457DA1B5DA1B8004C1200 /* AppDelegate.swift in Sources */ = {isa = PBXBuildFile; fileRef = 31C457D91B5DA1B8004C1200 /* AppDelegate.swift */; };
		31C457DC1B5DA1B8004C1200 /* CardViewController.swift in Sources */ = {isa = PBXBuildFile; fileRef = 31C457DB1B5DA1B8004C1200 /* CardViewController.swift */; };
		31C457DE1B5DA1B8004C1200 /* EventsViewController.swift in Sources */ = {isa = PBXBuildFile; fileRef = 31C457DD1B5DA1B8004C1200 /* EventsViewController.swift */; };
		31C457E31B5DA1B8004C1200 /* Images.xcassets in Resources */ = {isa = PBXBuildFile; fileRef = 31C457E21B5DA1B8004C1200 /* Images.xcassets */; };
		31C457E61B5DA1B8004C1200 /* LaunchScreen.xib in Resources */ = {isa = PBXBuildFile; fileRef = 31C457E41B5DA1B8004C1200 /* LaunchScreen.xib */; };
		31C457F21B5DA1B8004C1200 /* AlumniAppSwiftTests.swift in Sources */ = {isa = PBXBuildFile; fileRef = 31C457F11B5DA1B8004C1200 /* AlumniAppSwiftTests.swift */; };
		31C457FC1B5DA22C004C1200 /* DealsViewController.swift in Sources */ = {isa = PBXBuildFile; fileRef = 31C457FB1B5DA22C004C1200 /* DealsViewController.swift */; };
		31C458241B5F4EDD004C1200 /* RegistrationViewController.swift in Sources */ = {isa = PBXBuildFile; fileRef = 31C458231B5F4EDD004C1200 /* RegistrationViewController.swift */; };
		31C4582D1B602B9A004C1200 /* roundedcard.png in Resources */ = {isa = PBXBuildFile; fileRef = 31C4582C1B602B9A004C1200 /* roundedcard.png */; };
		31C458351B608FF3004C1200 /* Main.storyboard in Resources */ = {isa = PBXBuildFile; fileRef = 31C458341B608FF3004C1200 /* Main.storyboard */; };
/* End PBXBuildFile section */

/* Begin PBXContainerItemProxy section */
		31C457EC1B5DA1B8004C1200 /* PBXContainerItemProxy */ = {
			isa = PBXContainerItemProxy;
			containerPortal = 31C457CC1B5DA1B8004C1200 /* Project object */;
			proxyType = 1;
			remoteGlobalIDString = 31C457D31B5DA1B8004C1200;
			remoteInfo = AlumniAppSwift;
		};
/* End PBXContainerItemProxy section */

/* Begin PBXFileReference section */
		31B8CBB71B62134E006A43A2 /* logo_transparent.png */ = {isa = PBXFileReference; lastKnownFileType = image.png; path = logo_transparent.png; sourceTree = "<group>"; };
		31C457D41B5DA1B8004C1200 /* AlumniAppSwift.app */ = {isa = PBXFileReference; explicitFileType = wrapper.application; includeInIndex = 0; path = AlumniAppSwift.app; sourceTree = BUILT_PRODUCTS_DIR; };
		31C457D81B5DA1B8004C1200 /* Info.plist */ = {isa = PBXFileReference; lastKnownFileType = text.plist.xml; path = Info.plist; sourceTree = "<group>"; };
		31C457D91B5DA1B8004C1200 /* AppDelegate.swift */ = {isa = PBXFileReference; lastKnownFileType = sourcecode.swift; path = AppDelegate.swift; sourceTree = "<group>"; };
		31C457DB1B5DA1B8004C1200 /* CardViewController.swift */ = {isa = PBXFileReference; lastKnownFileType = sourcecode.swift; path = CardViewController.swift; sourceTree = "<group>"; };
		31C457DD1B5DA1B8004C1200 /* EventsViewController.swift */ = {isa = PBXFileReference; lastKnownFileType = sourcecode.swift; path = EventsViewController.swift; sourceTree = "<group>"; };
		31C457E21B5DA1B8004C1200 /* Images.xcassets */ = {isa = PBXFileReference; lastKnownFileType = folder.assetcatalog; path = Images.xcassets; sourceTree = "<group>"; };
		31C457E51B5DA1B8004C1200 /* Base */ = {isa = PBXFileReference; lastKnownFileType = file.xib; name = Base; path = Base.lproj/LaunchScreen.xib; sourceTree = "<group>"; };
		31C457EB1B5DA1B8004C1200 /* AlumniAppSwiftTests.xctest */ = {isa = PBXFileReference; explicitFileType = wrapper.cfbundle; includeInIndex = 0; path = AlumniAppSwiftTests.xctest; sourceTree = BUILT_PRODUCTS_DIR; };
		31C457F01B5DA1B8004C1200 /* Info.plist */ = {isa = PBXFileReference; lastKnownFileType = text.plist.xml; path = Info.plist; sourceTree = "<group>"; };
		31C457F11B5DA1B8004C1200 /* AlumniAppSwiftTests.swift */ = {isa = PBXFileReference; lastKnownFileType = sourcecode.swift; path = AlumniAppSwiftTests.swift; sourceTree = "<group>"; };
		31C457FB1B5DA22C004C1200 /* DealsViewController.swift */ = {isa = PBXFileReference; fileEncoding = 4; lastKnownFileType = sourcecode.swift; path = DealsViewController.swift; sourceTree = "<group>"; };
		31C458231B5F4EDD004C1200 /* RegistrationViewController.swift */ = {isa = PBXFileReference; fileEncoding = 4; lastKnownFileType = sourcecode.swift; path = RegistrationViewController.swift; sourceTree = "<group>"; };
		31C4582C1B602B9A004C1200 /* roundedcard.png */ = {isa = PBXFileReference; lastKnownFileType = image.png; path = roundedcard.png; sourceTree = "<group>"; };
		31C458341B608FF3004C1200 /* Main.storyboard */ = {isa = PBXFileReference; fileEncoding = 4; lastKnownFileType = file.storyboard; path = Main.storyboard; sourceTree = "<group>"; };
/* End PBXFileReference section */

/* Begin PBXFrameworksBuildPhase section */
		31C457D11B5DA1B8004C1200 /* Frameworks */ = {
			isa = PBXFrameworksBuildPhase;
			buildActionMask = 2147483647;
			files = (
			);
			runOnlyForDeploymentPostprocessing = 0;
		};
		31C457E81B5DA1B8004C1200 /* Frameworks */ = {
			isa = PBXFrameworksBuildPhase;
			buildActionMask = 2147483647;
			files = (
			);
			runOnlyForDeploymentPostprocessing = 0;
		};
/* End PBXFrameworksBuildPhase section */

/* Begin PBXGroup section */
		31C457CB1B5DA1B8004C1200 = {
			isa = PBXGroup;
			children = (
				31C457D61B5DA1B8004C1200 /* AlumniAppSwift */,
				31C457EE1B5DA1B8004C1200 /* AlumniAppSwiftTests */,
				31C457D51B5DA1B8004C1200 /* Products */,
			);
			sourceTree = "<group>";
		};
		31C457D51B5DA1B8004C1200 /* Products */ = {
			isa = PBXGroup;
			children = (
				31C457D41B5DA1B8004C1200 /* AlumniAppSwift.app */,
				31C457EB1B5DA1B8004C1200 /* AlumniAppSwiftTests.xctest */,
			);
			name = Products;
			sourceTree = "<group>";
		};
		31C457D61B5DA1B8004C1200 /* AlumniAppSwift */ = {
			isa = PBXGroup;
			children = (
				31C457D91B5DA1B8004C1200 /* AppDelegate.swift */,
				31C457DB1B5DA1B8004C1200 /* CardViewController.swift */,
				31C457DD1B5DA1B8004C1200 /* EventsViewController.swift */,
				31C457FB1B5DA22C004C1200 /* DealsViewController.swift */,
				31C458231B5F4EDD004C1200 /* RegistrationViewController.swift */,
				31C458341B608FF3004C1200 /* Main.storyboard */,
				31C457E21B5DA1B8004C1200 /* Images.xcassets */,
				31C457E41B5DA1B8004C1200 /* LaunchScreen.xib */,
				31C458271B6024DA004C1200 /* Images */,
				31C457D71B5DA1B8004C1200 /* Supporting Files */,
			);
			path = AlumniAppSwift;
			sourceTree = "<group>";
		};
		31C457D71B5DA1B8004C1200 /* Supporting Files */ = {
			isa = PBXGroup;
			children = (
				31C457D81B5DA1B8004C1200 /* Info.plist */,
			);
			name = "Supporting Files";
			sourceTree = "<group>";
		};
		31C457EE1B5DA1B8004C1200 /* AlumniAppSwiftTests */ = {
			isa = PBXGroup;
			children = (
				31C457F11B5DA1B8004C1200 /* AlumniAppSwiftTests.swift */,
				31C457EF1B5DA1B8004C1200 /* Supporting Files */,
			);
			path = AlumniAppSwiftTests;
			sourceTree = "<group>";
		};
		31C457EF1B5DA1B8004C1200 /* Supporting Files */ = {
			isa = PBXGroup;
			children = (
				31C457F01B5DA1B8004C1200 /* Info.plist */,
			);
			name = "Supporting Files";
			sourceTree = "<group>";
		};
		31C458271B6024DA004C1200 /* Images */ = {
			isa = PBXGroup;
			children = (
				31B8CBB71B62134E006A43A2 /* logo_transparent.png */,
				31C4582C1B602B9A004C1200 /* roundedcard.png */,
			);
			name = Images;
			sourceTree = "<group>";
		};
/* End PBXGroup section */

/* Begin PBXNativeTarget section */
		31C457D31B5DA1B8004C1200 /* AlumniAppSwift */ = {
			isa = PBXNativeTarget;
			buildConfigurationList = 31C457F51B5DA1B8004C1200 /* Build configuration list for PBXNativeTarget "AlumniAppSwift" */;
			buildPhases = (
				31C457D01B5DA1B8004C1200 /* Sources */,
				31C457D11B5DA1B8004C1200 /* Frameworks */,
				31C457D21B5DA1B8004C1200 /* Resources */,
			);
			buildRules = (
			);
			dependencies = (
			);
			name = AlumniAppSwift;
			productName = AlumniAppSwift;
			productReference = 31C457D41B5DA1B8004C1200 /* AlumniAppSwift.app */;
			productType = "com.apple.product-type.application";
		};
		31C457EA1B5DA1B8004C1200 /* AlumniAppSwiftTests */ = {
			isa = PBXNativeTarget;
			buildConfigurationList = 31C457F81B5DA1B8004C1200 /* Build configuration list for PBXNativeTarget "AlumniAppSwiftTests" */;
			buildPhases = (
				31C457E71B5DA1B8004C1200 /* Sources */,
				31C457E81B5DA1B8004C1200 /* Frameworks */,
				31C457E91B5DA1B8004C1200 /* Resources */,
			);
			buildRules = (
			);
			dependencies = (
				31C457ED1B5DA1B8004C1200 /* PBXTargetDependency */,
			);
			name = AlumniAppSwiftTests;
			productName = AlumniAppSwiftTests;
			productReference = 31C457EB1B5DA1B8004C1200 /* AlumniAppSwiftTests.xctest */;
			productType = "com.apple.product-type.bundle.unit-test";
		};
/* End PBXNativeTarget section */

/* Begin PBXProject section */
		31C457CC1B5DA1B8004C1200 /* Project object */ = {
			isa = PBXProject;
			attributes = {
				LastUpgradeCheck = 0640;
				ORGANIZATIONNAME = "Amanda Cohoon";
				TargetAttributes = {
					31C457D31B5DA1B8004C1200 = {
						CreatedOnToolsVersion = 6.4;
						DevelopmentTeam = 2E9B776YJ8;
						SystemCapabilities = {
							com.apple.Passbook = {
								enabled = 0;
							};
						};
					};
					31C457EA1B5DA1B8004C1200 = {
						CreatedOnToolsVersion = 6.4;
						TestTargetID = 31C457D31B5DA1B8004C1200;
					};
				};
			};
			buildConfigurationList = 31C457CF1B5DA1B8004C1200 /* Build configuration list for PBXProject "Alumni" */;
			compatibilityVersion = "Xcode 3.2";
			developmentRegion = English;
			hasScannedForEncodings = 0;
			knownRegions = (
				en,
				Base,
			);
			mainGroup = 31C457CB1B5DA1B8004C1200;
			productRefGroup = 31C457D51B5DA1B8004C1200 /* Products */;
			projectDirPath = "";
			projectRoot = "";
			targets = (
				31C457D31B5DA1B8004C1200 /* AlumniAppSwift */,
				31C457EA1B5DA1B8004C1200 /* AlumniAppSwiftTests */,
			);
		};
/* End PBXProject section */

/* Begin PBXResourcesBuildPhase section */
		31C457D21B5DA1B8004C1200 /* Resources */ = {
			isa = PBXResourcesBuildPhase;
			buildActionMask = 2147483647;
			files = (
				31C457E61B5DA1B8004C1200 /* LaunchScreen.xib in Resources */,
				31B8CBB81B62134E006A43A2 /* logo_transparent.png in Resources */,
				31C457E31B5DA1B8004C1200 /* Images.xcassets in Resources */,
				31C4582D1B602B9A004C1200 /* roundedcard.png in Resources */,
				31C458351B608FF3004C1200 /* Main.storyboard in Resources */,
			);
			runOnlyForDeploymentPostprocessing = 0;
		};
		31C457E91B5DA1B8004C1200 /* Resources */ = {
			isa = PBXResourcesBuildPhase;
			buildActionMask = 2147483647;
			files = (
			);
			runOnlyForDeploymentPostprocessing = 0;
		};
/* End PBXResourcesBuildPhase section */

/* Begin PBXSourcesBuildPhase section */
		31C457D01B5DA1B8004C1200 /* Sources */ = {
			isa = PBXSourcesBuildPhase;
			buildActionMask = 2147483647;
			files = (
				31C457DE1B5DA1B8004C1200 /* EventsViewController.swift in Sources */,
				31C457DA1B5DA1B8004C1200 /* AppDelegate.swift in Sources */,
				31C457FC1B5DA22C004C1200 /* DealsViewController.swift in Sources */,
				31C457DC1B5DA1B8004C1200 /* CardViewController.swift in Sources */,
				31C458241B5F4EDD004C1200 /* RegistrationViewController.swift in Sources */,
			);
			runOnlyForDeploymentPostprocessing = 0;
		};
		31C457E71B5DA1B8004C1200 /* Sources */ = {
			isa = PBXSourcesBuildPhase;
			buildActionMask = 2147483647;
			files = (
				31C457F21B5DA1B8004C1200 /* AlumniAppSwiftTests.swift in Sources */,
			);
			runOnlyForDeploymentPostprocessing = 0;
		};
/* End PBXSourcesBuildPhase section */

/* Begin PBXTargetDependency section */
		31C457ED1B5DA1B8004C1200 /* PBXTargetDependency */ = {
			isa = PBXTargetDependency;
			target = 31C457D31B5DA1B8004C1200 /* AlumniAppSwift */;
			targetProxy = 31C457EC1B5DA1B8004C1200 /* PBXContainerItemProxy */;
		};
/* End PBXTargetDependency section */

/* Begin PBXVariantGroup section */
		31C457E41B5DA1B8004C1200 /* LaunchScreen.xib */ = {
			isa = PBXVariantGroup;
			children = (
				31C457E51B5DA1B8004C1200 /* Base */,
			);
			name = LaunchScreen.xib;
			sourceTree = "<group>";
		};
/* End PBXVariantGroup section */

/* Begin XCBuildConfiguration section */
		31C457F31B5DA1B8004C1200 /* Debug */ = {
			isa = XCBuildConfiguration;
			buildSettings = {
				ALWAYS_SEARCH_USER_PATHS = NO;
				CLANG_CXX_LANGUAGE_STANDARD = "gnu++0x";
				CLANG_CXX_LIBRARY = "libc++";
				CLANG_ENABLE_MODULES = YES;
				CLANG_ENABLE_OBJC_ARC = YES;
				CLANG_WARN_BOOL_CONVERSION = YES;
				CLANG_WARN_CONSTANT_CONVERSION = YES;
				CLANG_WARN_DIRECT_OBJC_ISA_USAGE = YES_ERROR;
				CLANG_WARN_EMPTY_BODY = YES;
				CLANG_WARN_ENUM_CONVERSION = YES;
				CLANG_WARN_INT_CONVERSION = YES;
				CLANG_WARN_OBJC_ROOT_CLASS = YES_ERROR;
				CLANG_WARN_UNREACHABLE_CODE = YES;
				CLANG_WARN__DUPLICATE_METHOD_MATCH = YES;
				"CODE_SIGN_IDENTITY[sdk=iphoneos*]" = "iPhone Developer";
				COPY_PHASE_STRIP = NO;
				DEBUG_INFORMATION_FORMAT = "dwarf-with-dsym";
				ENABLE_STRICT_OBJC_MSGSEND = YES;
				GCC_C_LANGUAGE_STANDARD = gnu99;
				GCC_DYNAMIC_NO_PIC = NO;
				GCC_NO_COMMON_BLOCKS = YES;
				GCC_OPTIMIZATION_LEVEL = 0;
				GCC_PREPROCESSOR_DEFINITIONS = (
					"DEBUG=1",
					"$(inherited)",
				);
				GCC_SYMBOLS_PRIVATE_EXTERN = NO;
				GCC_WARN_64_TO_32_BIT_CONVERSION = YES;
				GCC_WARN_ABOUT_RETURN_TYPE = YES_ERROR;
				GCC_WARN_UNDECLARED_SELECTOR = YES;
				GCC_WARN_UNINITIALIZED_AUTOS = YES_AGGRESSIVE;
				GCC_WARN_UNUSED_FUNCTION = YES;
				GCC_WARN_UNUSED_VARIABLE = YES;
				IPHONEOS_DEPLOYMENT_TARGET = 8.4;
				MTL_ENABLE_DEBUG_INFO = YES;
				ONLY_ACTIVE_ARCH = YES;
				SDKROOT = iphoneos;
				SWIFT_OPTIMIZATION_LEVEL = "-Onone";
				TARGETED_DEVICE_FAMILY = "1,2";
			};
			name = Debug;
		};
		31C457F41B5DA1B8004C1200 /* Release */ = {
			isa = XCBuildConfiguration;
			buildSettings = {
				ALWAYS_SEARCH_USER_PATHS = NO;
				CLANG_CXX_LANGUAGE_STANDARD = "gnu++0x";
				CLANG_CXX_LIBRARY = "libc++";
				CLANG_ENABLE_MODULES = YES;
				CLANG_ENABLE_OBJC_ARC = YES;
				CLANG_WARN_BOOL_CONVERSION = YES;
				CLANG_WARN_CONSTANT_CONVERSION = YES;
				CLANG_WARN_DIRECT_OBJC_ISA_USAGE = YES_ERROR;
				CLANG_WARN_EMPTY_BODY = YES;
				CLANG_WARN_ENUM_CONVERSION = YES;
				CLANG_WARN_INT_CONVERSION = YES;
				CLANG_WARN_OBJC_ROOT_CLASS = YES_ERROR;
				CLANG_WARN_UNREACHABLE_CODE = YES;
				CLANG_WARN__DUPLICATE_METHOD_MATCH = YES;
				"CODE_SIGN_IDENTITY[sdk=iphoneos*]" = "iPhone Developer";
				COPY_PHASE_STRIP = NO;
				DEBUG_INFORMATION_FORMAT = "dwarf-with-dsym";
				ENABLE_NS_ASSERTIONS = NO;
				ENABLE_STRICT_OBJC_MSGSEND = YES;
				GCC_C_LANGUAGE_STANDARD = gnu99;
				GCC_NO_COMMON_BLOCKS = YES;
				GCC_WARN_64_TO_32_BIT_CONVERSION = YES;
				GCC_WARN_ABOUT_RETURN_TYPE = YES_ERROR;
				GCC_WARN_UNDECLARED_SELECTOR = YES;
				GCC_WARN_UNINITIALIZED_AUTOS = YES_AGGRESSIVE;
				GCC_WARN_UNUSED_FUNCTION = YES;
				GCC_WARN_UNUSED_VARIABLE = YES;
				IPHONEOS_DEPLOYMENT_TARGET = 8.4;
				MTL_ENABLE_DEBUG_INFO = NO;
				SDKROOT = iphoneos;
				TARGETED_DEVICE_FAMILY = "1,2";
				VALIDATE_PRODUCT = YES;
			};
			name = Release;
		};
		31C457F61B5DA1B8004C1200 /* Debug */ = {
			isa = XCBuildConfiguration;
			buildSettings = {
				ASSETCATALOG_COMPILER_APPICON_NAME = AppIcon;
				CODE_SIGN_IDENTITY = "iPhone Developer";
				INFOPLIST_FILE = AlumniAppSwift/Info.plist;
				LD_RUNPATH_SEARCH_PATHS = "$(inherited) @executable_path/Frameworks";
				PRODUCT_NAME = "$(TARGET_NAME)";
			};
			name = Debug;
		};
		31C457F71B5DA1B8004C1200 /* Release */ = {
			isa = XCBuildConfiguration;
			buildSettings = {
				ASSETCATALOG_COMPILER_APPICON_NAME = AppIcon;
				CODE_SIGN_IDENTITY = "iPhone Developer";
				INFOPLIST_FILE = AlumniAppSwift/Info.plist;
				LD_RUNPATH_SEARCH_PATHS = "$(inherited) @executable_path/Frameworks";
				PRODUCT_NAME = "$(TARGET_NAME)";
			};
			name = Release;
		};
		31C457F91B5DA1B8004C1200 /* Debug */ = {
			isa = XCBuildConfiguration;
			buildSettings = {
				BUNDLE_LOADER = "$(TEST_HOST)";
				FRAMEWORK_SEARCH_PATHS = (
					"$(SDKROOT)/Developer/Library/Frameworks",
					"$(inherited)",
				);
				GCC_PREPROCESSOR_DEFINITIONS = (
					"DEBUG=1",
					"$(inherited)",
				);
				INFOPLIST_FILE = AlumniAppSwiftTests/Info.plist;
				LD_RUNPATH_SEARCH_PATHS = "$(inherited) @executable_path/Frameworks @loader_path/Frameworks";
				PRODUCT_NAME = "$(TARGET_NAME)";
				TEST_HOST = "$(BUILT_PRODUCTS_DIR)/AlumniAppSwift.app/AlumniAppSwift";
			};
			name = Debug;
		};
		31C457FA1B5DA1B8004C1200 /* Release */ = {
			isa = XCBuildConfiguration;
			buildSettings = {
				BUNDLE_LOADER = "$(TEST_HOST)";
				FRAMEWORK_SEARCH_PATHS = (
					"$(SDKROOT)/Developer/Library/Frameworks",
					"$(inherited)",
				);
				INFOPLIST_FILE = AlumniAppSwiftTests/Info.plist;
				LD_RUNPATH_SEARCH_PATHS = "$(inherited) @executable_path/Frameworks @loader_path/Frameworks";
				PRODUCT_NAME = "$(TARGET_NAME)";
				TEST_HOST = "$(BUILT_PRODUCTS_DIR)/AlumniAppSwift.app/AlumniAppSwift";
			};
			name = Release;
		};
/* End XCBuildConfiguration section */

/* Begin XCConfigurationList section */
		31C457CF1B5DA1B8004C1200 /* Build configuration list for PBXProject "Alumni" */ = {
			isa = XCConfigurationList;
			buildConfigurations = (
				31C457F31B5DA1B8004C1200 /* Debug */,
				31C457F41B5DA1B8004C1200 /* Release */,
			);
			defaultConfigurationIsVisible = 0;
			defaultConfigurationName = Release;
		};
		31C457F51B5DA1B8004C1200 /* Build configuration list for PBXNativeTarget "AlumniAppSwift" */ = {
			isa = XCConfigurationList;
			buildConfigurations = (
				31C457F61B5DA1B8004C1200 /* Debug */,
				31C457F71B5DA1B8004C1200 /* Release */,
			);
			defaultConfigurationIsVisible = 0;
			defaultConfigurationName = Release;
		};
		31C457F81B5DA1B8004C1200 /* Build configuration list for PBXNativeTarget "AlumniAppSwiftTests" */ = {
			isa = XCConfigurationList;
			buildConfigurations = (
				31C457F91B5DA1B8004C1200 /* Debug */,
				31C457FA1B5DA1B8004C1200 /* Release */,
			);
			defaultConfigurationIsVisible = 0;
			defaultConfigurationName = Release;
		};
/* End XCConfigurationList section */
	};
	rootObject = 31C457CC1B5DA1B8004C1200 /* Project object */;
}
